// !$*UTF8*$!
{
	archiveVersion = 1;
	classes = {
	};
	objectVersion = 46;
	objects = {

/* Begin PBXBuildFile section */
		4733638B1CBB6999005C968F /* main.m in Sources */ = {isa = PBXBuildFile; fileRef = 4733638A1CBB6999005C968F /* main.m */; };
		4733638E1CBB6999005C968F /* AppDelegate.m in Sources */ = {isa = PBXBuildFile; fileRef = 4733638D1CBB6999005C968F /* AppDelegate.m */; };
		473363911CBB6999005C968F /* ViewController.m in Sources */ = {isa = PBXBuildFile; fileRef = 473363901CBB6999005C968F /* ViewController.m */; };
		473363941CBB6999005C968F /* Main.storyboard in Resources */ = {isa = PBXBuildFile; fileRef = 473363921CBB6999005C968F /* Main.storyboard */; };
		473363961CBB6999005C968F /* Assets.xcassets in Resources */ = {isa = PBXBuildFile; fileRef = 473363951CBB6999005C968F /* Assets.xcassets */; };
		473363991CBB6999005C968F /* LaunchScreen.storyboard in Resources */ = {isa = PBXBuildFile; fileRef = 473363971CBB6999005C968F /* LaunchScreen.storyboard */; };
		473363A41CBB6999005C968F /* _____Tests.m in Sources */ = {isa = PBXBuildFile; fileRef = 473363A31CBB6999005C968F /* _____Tests.m */; };
		473363AF1CBB6999005C968F /* _____UITests.m in Sources */ = {isa = PBXBuildFile; fileRef = 473363AE1CBB6999005C968F /* _____UITests.m */; };
		473363BE1CBB69A4005C968F /* 星星.png in Resources */ = {isa = PBXBuildFile; fileRef = 473363BC1CBB69A4005C968F /* 星星.png */; };
		473363BF1CBB69A4005C968F /* 点.png in Resources */ = {isa = PBXBuildFile; fileRef = 473363BD1CBB69A4005C968F /* 点.png */; };
/* End PBXBuildFile section */

/* Begin PBXContainerItemProxy section */
		473363A01CBB6999005C968F /* PBXContainerItemProxy */ = {
			isa = PBXContainerItemProxy;
			containerPortal = 4733637E1CBB6999005C968F /* Project object */;
			proxyType = 1;
			remoteGlobalIDString = 473363851CBB6999005C968F;
			remoteInfo = "粒子发射器";
		};
		473363AB1CBB6999005C968F /* PBXContainerItemProxy */ = {
			isa = PBXContainerItemProxy;
			containerPortal = 4733637E1CBB6999005C968F /* Project object */;
			proxyType = 1;
			remoteGlobalIDString = 473363851CBB6999005C968F;
			remoteInfo = "粒子发射器";
		};
/* End PBXContainerItemProxy section */

/* Begin PBXFileReference section */
		473363861CBB6999005C968F /* 粒子发射器.app */ = {isa = PBXFileReference; explicitFileType = wrapper.application; includeInIndex = 0; path = "粒子发射器.app"; sourceTree = BUILT_PRODUCTS_DIR; };
		4733638A1CBB6999005C968F /* main.m */ = {isa = PBXFileReference; lastKnownFileType = sourcecode.c.objc; path = main.m; sourceTree = "<group>"; };
		4733638C1CBB6999005C968F /* AppDelegate.h */ = {isa = PBXFileReference; lastKnownFileType = sourcecode.c.h; path = AppDelegate.h; sourceTree = "<group>"; };
		4733638D1CBB6999005C968F /* AppDelegate.m */ = {isa = PBXFileReference; lastKnownFileType = sourcecode.c.objc; path = AppDelegate.m; sourceTree = "<group>"; };
		4733638F1CBB6999005C968F /* ViewController.h */ = {isa = PBXFileReference; lastKnownFileType = sourcecode.c.h; path = ViewController.h; sourceTree = "<group>"; };
		473363901CBB6999005C968F /* ViewController.m */ = {isa = PBXFileReference; lastKnownFileType = sourcecode.c.objc; path = ViewController.m; sourceTree = "<group>"; };
		473363931CBB6999005C968F /* Base */ = {isa = PBXFileReference; lastKnownFileType = file.storyboard; name = Base; path = Base.lproj/Main.storyboard; sourceTree = "<group>"; };
		473363951CBB6999005C968F /* Assets.xcassets */ = {isa = PBXFileReference; lastKnownFileType = folder.assetcatalog; path = Assets.xcassets; sourceTree = "<group>"; };
		473363981CBB6999005C968F /* Base */ = {isa = PBXFileReference; lastKnownFileType = file.storyboard; name = Base; path = Base.lproj/LaunchScreen.storyboard; sourceTree = "<group>"; };
		4733639A1CBB6999005C968F /* Info.plist */ = {isa = PBXFileReference; lastKnownFileType = text.plist.xml; path = Info.plist; sourceTree = "<group>"; };
		4733639F1CBB6999005C968F /* 粒子发射器Tests.xctest */ = {isa = PBXFileReference; explicitFileType = wrapper.cfbundle; includeInIndex = 0; path = "粒子发射器Tests.xctest"; sourceTree = BUILT_PRODUCTS_DIR; };
		473363A31CBB6999005C968F /* _____Tests.m */ = {isa = PBXFileReference; lastKnownFileType = sourcecode.c.objc; path = "_____Tests.m"; sourceTree = "<group>"; };
		473363A51CBB6999005C968F /* Info.plist */ = {isa = PBXFileReference; lastKnownFileType = text.plist.xml; path = Info.plist; sourceTree = "<group>"; };
		473363AA1CBB6999005C968F /* 粒子发射器UITests.xctest */ = {isa = PBXFileReference; explicitFileType = wrapper.cfbundle; includeInIndex = 0; path = "粒子发射器UITests.xctest"; sourceTree = BUILT_PRODUCTS_DIR; };
		473363AE1CBB6999005C968F /* _____UITests.m */ = {isa = PBXFileReference; lastKnownFileType = sourcecode.c.objc; path = "_____UITests.m"; sourceTree = "<group>"; };
		473363B01CBB6999005C968F /* Info.plist */ = {isa = PBXFileReference; lastKnownFileType = text.plist.xml; path = Info.plist; sourceTree = "<group>"; };
		473363BC1CBB69A4005C968F /* 星星.png */ = {isa = PBXFileReference; lastKnownFileType = image.png; path = "星星.png"; sourceTree = "<group>"; };
		473363BD1CBB69A4005C968F /* 点.png */ = {isa = PBXFileReference; lastKnownFileType = image.png; path = "点.png"; sourceTree = "<group>"; };
/* End PBXFileReference section */

/* Begin PBXFrameworksBuildPhase section */
		473363831CBB6999005C968F /* Frameworks */ = {
			isa = PBXFrameworksBuildPhase;
			buildActionMask = 2147483647;
			files = (
			);
			runOnlyForDeploymentPostprocessing = 0;
		};
		4733639C1CBB6999005C968F /* Frameworks */ = {
			isa = PBXFrameworksBuildPhase;
			buildActionMask = 2147483647;
			files = (
			);
			runOnlyForDeploymentPostprocessing = 0;
		};
		473363A71CBB6999005C968F /* Frameworks */ = {
			isa = PBXFrameworksBuildPhase;
			buildActionMask = 2147483647;
			files = (
			);
			runOnlyForDeploymentPostprocessing = 0;
		};
/* End PBXFrameworksBuildPhase section */

/* Begin PBXGroup section */
		4733637D1CBB6998005C968F = {
			isa = PBXGroup;
			children = (
				473363881CBB6999005C968F /* 粒子发射器 */,
				473363A21CBB6999005C968F /* 粒子发射器Tests */,
				473363AD1CBB6999005C968F /* 粒子发射器UITests */,
				473363871CBB6999005C968F /* Products */,
			);
			sourceTree = "<group>";
		};
		473363871CBB6999005C968F /* Products */ = {
			isa = PBXGroup;
			children = (
				473363861CBB6999005C968F /* 粒子发射器.app */,
				4733639F1CBB6999005C968F /* 粒子发射器Tests.xctest */,
				473363AA1CBB6999005C968F /* 粒子发射器UITests.xctest */,
			);
			name = Products;
			sourceTree = "<group>";
		};
		473363881CBB6999005C968F /* 粒子发射器 */ = {
			isa = PBXGroup;
			children = (
				473363BC1CBB69A4005C968F /* 星星.png */,
				473363BD1CBB69A4005C968F /* 点.png */,
				4733638C1CBB6999005C968F /* AppDelegate.h */,
				4733638D1CBB6999005C968F /* AppDelegate.m */,
				4733638F1CBB6999005C968F /* ViewController.h */,
				473363901CBB6999005C968F /* ViewController.m */,
				473363921CBB6999005C968F /* Main.storyboard */,
				473363951CBB6999005C968F /* Assets.xcassets */,
				473363971CBB6999005C968F /* LaunchScreen.storyboard */,
				4733639A1CBB6999005C968F /* Info.plist */,
				473363891CBB6999005C968F /* Supporting Files */,
			);
			path = "粒子发射器";
			sourceTree = "<group>";
		};
		473363891CBB6999005C968F /* Supporting Files */ = {
			isa = PBXGroup;
			children = (
				4733638A1CBB6999005C968F /* main.m */,
			);
			name = "Supporting Files";
			sourceTree = "<group>";
		};
		473363A21CBB6999005C968F /* 粒子发射器Tests */ = {
			isa = PBXGroup;
			children = (
				473363A31CBB6999005C968F /* _____Tests.m */,
				473363A51CBB6999005C968F /* Info.plist */,
			);
			path = "粒子发射器Tests";
			sourceTree = "<group>";
		};
		473363AD1CBB6999005C968F /* 粒子发射器UITests */ = {
			isa = PBXGroup;
			children = (
				473363AE1CBB6999005C968F /* _____UITests.m */,
				473363B01CBB6999005C968F /* Info.plist */,
			);
			path = "粒子发射器UITests";
			sourceTree = "<group>";
		};
/* End PBXGroup section */

/* Begin PBXNativeTarget section */
		473363851CBB6999005C968F /* 粒子发射器 */ = {
			isa = PBXNativeTarget;
			buildConfigurationList = 473363B31CBB6999005C968F /* Build configuration list for PBXNativeTarget "粒子发射器" */;
			buildPhases = (
				473363821CBB6999005C968F /* Sources */,
				473363831CBB6999005C968F /* Frameworks */,
				473363841CBB6999005C968F /* Resources */,
			);
			buildRules = (
			);
			dependencies = (
			);
			name = "粒子发射器";
			productName = "粒子发射器";
			productReference = 473363861CBB6999005C968F /* 粒子发射器.app */;
			productType = "com.apple.product-type.application";
		};
		4733639E1CBB6999005C968F /* 粒子发射器Tests */ = {
			isa = PBXNativeTarget;
			buildConfigurationList = 473363B61CBB6999005C968F /* Build configuration list for PBXNativeTarget "粒子发射器Tests" */;
			buildPhases = (
				4733639B1CBB6999005C968F /* Sources */,
				4733639C1CBB6999005C968F /* Frameworks */,
				4733639D1CBB6999005C968F /* Resources */,
			);
			buildRules = (
			);
			dependencies = (
				473363A11CBB6999005C968F /* PBXTargetDependency */,
			);
			name = "粒子发射器Tests";
			productName = "粒子发射器Tests";
			productReference = 4733639F1CBB6999005C968F /* 粒子发射器Tests.xctest */;
			productType = "com.apple.product-type.bundle.unit-test";
		};
		473363A91CBB6999005C968F /* 粒子发射器UITests */ = {
			isa = PBXNativeTarget;
			buildConfigurationList = 473363B91CBB6999005C968F /* Build configuration list for PBXNativeTarget "粒子发射器UITests" */;
			buildPhases = (
				473363A61CBB6999005C968F /* Sources */,
				473363A71CBB6999005C968F /* Frameworks */,
				473363A81CBB6999005C968F /* Resources */,
			);
			buildRules = (
			);
			dependencies = (
				473363AC1CBB6999005C968F /* PBXTargetDependency */,
			);
			name = "粒子发射器UITests";
			productName = "粒子发射器UITests";
			productReference = 473363AA1CBB6999005C968F /* 粒子发射器UITests.xctest */;
			productType = "com.apple.product-type.bundle.ui-testing";
		};
/* End PBXNativeTarget section */

/* Begin PBXProject section */
		4733637E1CBB6999005C968F /* Project object */ = {
			isa = PBXProject;
			attributes = {
				LastUpgradeCheck = 0730;
				ORGANIZATIONNAME = "清溪";
				TargetAttributes = {
					473363851CBB6999005C968F = {
						CreatedOnToolsVersion = 7.3;
					};
					4733639E1CBB6999005C968F = {
						CreatedOnToolsVersion = 7.3;
						TestTargetID = 473363851CBB6999005C968F;
					};
					473363A91CBB6999005C968F = {
						CreatedOnToolsVersion = 7.3;
						TestTargetID = 473363851CBB6999005C968F;
					};
				};
			};
			buildConfigurationList = 473363811CBB6999005C968F /* Build configuration list for PBXProject "粒子发射器" */;
			compatibilityVersion = "Xcode 3.2";
			developmentRegion = English;
			hasScannedForEncodings = 0;
			knownRegions = (
				en,
				Base,
			);
			mainGroup = 4733637D1CBB6998005C968F;
			productRefGroup = 473363871CBB6999005C968F /* Products */;
			projectDirPath = "";
			projectRoot = "";
			targets = (
				473363851CBB6999005C968F /* 粒子发射器 */,
				4733639E1CBB6999005C968F /* 粒子发射器Tests */,
				473363A91CBB6999005C968F /* 粒子发射器UITests */,
			);
		};
/* End PBXProject section */

/* Begin PBXResourcesBuildPhase section */
		473363841CBB6999005C968F /* Resources */ = {
			isa = PBXResourcesBuildPhase;
			buildActionMask = 2147483647;
			files = (
				473363991CBB6999005C968F /* LaunchScreen.storyboard in Resources */,
				473363961CBB6999005C968F /* Assets.xcassets in Resources */,
				473363941CBB6999005C968F /* Main.storyboard in Resources */,
				473363BE1CBB69A4005C968F /* 星星.png in Resources */,
				473363BF1CBB69A4005C968F /* 点.png in Resources */,
			);
			runOnlyForDeploymentPostprocessing = 0;
		};
		4733639D1CBB6999005C968F /* Resources */ = {
			isa = PBXResourcesBuildPhase;
			buildActionMask = 2147483647;
			files = (
			);
			runOnlyForDeploymentPostprocessing = 0;
		};
		473363A81CBB6999005C968F /* Resources */ = {
			isa = PBXResourcesBuildPhase;
			buildActionMask = 2147483647;
			files = (
			);
			runOnlyForDeploymentPostprocessing = 0;
		};
/* End PBXResourcesBuildPhase section */

/* Begin PBXSourcesBuildPhase section */
		473363821CBB6999005C968F /* Sources */ = {
			isa = PBXSourcesBuildPhase;
			buildActionMask = 2147483647;
			files = (
				473363911CBB6999005C968F /* ViewController.m in Sources */,
				4733638E1CBB6999005C968F /* AppDelegate.m in Sources */,
				4733638B1CBB6999005C968F /* main.m in Sources */,
			);
			runOnlyForDeploymentPostprocessing = 0;
		};
		4733639B1CBB6999005C968F /* Sources */ = {
			isa = PBXSourcesBuildPhase;
			buildActionMask = 2147483647;
			files = (
				473363A41CBB6999005C968F /* _____Tests.m in Sources */,
			);
			runOnlyForDeploymentPostprocessing = 0;
		};
		473363A61CBB6999005C968F /* Sources */ = {
			isa = PBXSourcesBuildPhase;
			buildActionMask = 2147483647;
			files = (
				473363AF1CBB6999005C968F /* _____UITests.m in Sources */,
			);
			runOnlyForDeploymentPostprocessing = 0;
		};
/* End PBXSourcesBuildPhase section */

/* Begin PBXTargetDependency section */
		473363A11CBB6999005C968F /* PBXTargetDependency */ = {
			isa = PBXTargetDependency;
			target = 473363851CBB6999005C968F /* 粒子发射器 */;
			targetProxy = 473363A01CBB6999005C968F /* PBXContainerItemProxy */;
		};
		473363AC1CBB6999005C968F /* PBXTargetDependency */ = {
			isa = PBXTargetDependency;
			target = 473363851CBB6999005C968F /* 粒子发射器 */;
			targetProxy = 473363AB1CBB6999005C968F /* PBXContainerItemProxy */;
		};
/* End PBXTargetDependency section */

/* Begin PBXVariantGroup section */
		473363921CBB6999005C968F /* Main.storyboard */ = {
			isa = PBXVariantGroup;
			children = (
				473363931CBB6999005C968F /* Base */,
			);
			name = Main.storyboard;
			sourceTree = "<group>";
		};
		473363971CBB6999005C968F /* LaunchScreen.storyboard */ = {
			isa = PBXVariantGroup;
			children = (
				473363981CBB6999005C968F /* Base */,
			);
			name = LaunchScreen.storyboard;
			sourceTree = "<group>";
		};
/* End PBXVariantGroup section */

/* Begin XCBuildConfiguration section */
		473363B11CBB6999005C968F /* Debug */ = {
			isa = XCBuildConfiguration;
			buildSettings = {
				ALWAYS_SEARCH_USER_PATHS = NO;
				CLANG_ANALYZER_NONNULL = YES;
				CLANG_CXX_LANGUAGE_STANDARD = "gnu++0x";
				CLANG_CXX_LIBRARY = "libc++";
				CLANG_ENABLE_MODULES = YES;
				CLANG_ENABLE_OBJC_ARC = YES;
				CLANG_WARN_BOOL_CONVERSION = YES;
				CLANG_WARN_CONSTANT_CONVERSION = YES;
				CLANG_WARN_DIRECT_OBJC_ISA_USAGE = YES_ERROR;
				CLANG_WARN_EMPTY_BODY = YES;
				CLANG_WARN_ENUM_CONVERSION = YES;
				CLANG_WARN_INT_CONVERSION = YES;
				CLANG_WARN_OBJC_ROOT_CLASS = YES_ERROR;
				CLANG_WARN_UNREACHABLE_CODE = YES;
				CLANG_WARN__DUPLICATE_METHOD_MATCH = YES;
				"CODE_SIGN_IDENTITY[sdk=iphoneos*]" = "iPhone Developer";
				COPY_PHASE_STRIP = NO;
				DEBUG_INFORMATION_FORMAT = dwarf;
				ENABLE_STRICT_OBJC_MSGSEND = YES;
				ENABLE_TESTABILITY = YES;
				GCC_C_LANGUAGE_STANDARD = gnu99;
				GCC_DYNAMIC_NO_PIC = NO;
				GCC_NO_COMMON_BLOCKS = YES;
				GCC_OPTIMIZATION_LEVEL = 0;
				GCC_PREPROCESSOR_DEFINITIONS = (
					"DEBUG=1",
					"$(inherited)",
				);
				GCC_WARN_64_TO_32_BIT_CONVERSION = YES;
				GCC_WARN_ABOUT_RETURN_TYPE = YES_ERROR;
				GCC_WARN_UNDECLARED_SELECTOR = YES;
				GCC_WARN_UNINITIALIZED_AUTOS = YES_AGGRESSIVE;
				GCC_WARN_UNUSED_FUNCTION = YES;
				GCC_WARN_UNUSED_VARIABLE = YES;
				IPHONEOS_DEPLOYMENT_TARGET = 9.3;
				MTL_ENABLE_DEBUG_INFO = YES;
				ONLY_ACTIVE_ARCH = YES;
				SDKROOT = iphoneos;
				TARGETED_DEVICE_FAMILY = "1,2";
			};
			name = Debug;
		};
		473363B21CBB6999005C968F /* Release */ = {
			isa = XCBuildConfiguration;
			buildSettings = {
				ALWAYS_SEARCH_USER_PATHS = NO;
				CLANG_ANALYZER_NONNULL = YES;
				CLANG_CXX_LANGUAGE_STANDARD = "gnu++0x";
				CLANG_CXX_LIBRARY = "libc++";
				CLANG_ENABLE_MODULES = YES;
				CLANG_ENABLE_OBJC_ARC = YES;
				CLANG_WARN_BOOL_CONVERSION = YES;
				CLANG_WARN_CONSTANT_CONVERSION = YES;
				CLANG_WARN_DIRECT_OBJC_ISA_USAGE = YES_ERROR;
				CLANG_WARN_EMPTY_BODY = YES;
				CLANG_WARN_ENUM_CONVERSION = YES;
				CLANG_WARN_INT_CONVERSION = YES;
				CLANG_WARN_OBJC_ROOT_CLASS = YES_ERROR;
				CLANG_WARN_UNREACHABLE_CODE = YES;
				CLANG_WARN__DUPLICATE_METHOD_MATCH = YES;
				"CODE_SIGN_IDENTITY[sdk=iphoneos*]" = "iPhone Developer";
				COPY_PHASE_STRIP = NO;
				DEBUG_INFORMATION_FORMAT = "dwarf-with-dsym";
				ENABLE_NS_ASSERTIONS = NO;
				ENABLE_STRICT_OBJC_MSGSEND = YES;
				GCC_C_LANGUAGE_STANDARD = gnu99;
				GCC_NO_COMMON_BLOCKS = YES;
				GCC_WARN_64_TO_32_BIT_CONVERSION = YES;
				GCC_WARN_ABOUT_RETURN_TYPE = YES_ERROR;
				GCC_WARN_UNDECLARED_SELECTOR = YES;
				GCC_WARN_UNINITIALIZED_AUTOS = YES_AGGRESSIVE;
				GCC_WARN_UNUSED_FUNCTION = YES;
				GCC_WARN_UNUSED_VARIABLE = YES;
				IPHONEOS_DEPLOYMENT_TARGET = 9.3;
				MTL_ENABLE_DEBUG_INFO = NO;
				SDKROOT = iphoneos;
				TARGETED_DEVICE_FAMILY = "1,2";
				VALIDATE_PRODUCT = YES;
			};
			name = Release;
		};
		473363B41CBB6999005C968F /* Debug */ = {
			isa = XCBuildConfiguration;
			buildSettings = {
				ASSETCATALOG_COMPILER_APPICON_NAME = AppIcon;
				INFOPLIST_FILE = "粒子发射器/Info.plist";
				LD_RUNPATH_SEARCH_PATHS = "$(inherited) @executable_path/Frameworks";
				PRODUCT_BUNDLE_IDENTIFIER = "qingxi.-----";
				PRODUCT_NAME = "$(TARGET_NAME)";
			};
			name = Debug;
		};
		473363B51CBB6999005C968F /* Release */ = {
			isa = XCBuildConfiguration;
			buildSettings = {
				ASSETCATALOG_COMPILER_APPICON_NAME = AppIcon;
				INFOPLIST_FILE = "粒子发射器/Info.plist";
				LD_RUNPATH_SEARCH_PATHS = "$(inherited) @executable_path/Frameworks";
				PRODUCT_BUNDLE_IDENTIFIER = "qingxi.-----";
				PRODUCT_NAME = "$(TARGET_NAME)";
			};
			name = Release;
		};
		473363B71CBB6999005C968F /* Debug */ = {
			isa = XCBuildConfiguration;
			buildSettings = {
				BUNDLE_LOADER = "$(TEST_HOST)";
				INFOPLIST_FILE = "粒子发射器Tests/Info.plist";
				LD_RUNPATH_SEARCH_PATHS = "$(inherited) @executable_path/Frameworks @loader_path/Frameworks";
				PRODUCT_BUNDLE_IDENTIFIER = "qingxi.-----Tests";
				PRODUCT_NAME = "$(TARGET_NAME)";
				TEST_HOST = "$(BUILT_PRODUCTS_DIR)/粒子发射器.app/粒子发射器";
			};
			name = Debug;
		};
		473363B81CBB6999005C968F /* Release */ = {
			isa = XCBuildConfiguration;
			buildSettings = {
				BUNDLE_LOADER = "$(TEST_HOST)";
				INFOPLIST_FILE = "粒子发射器Tests/Info.plist";
				LD_RUNPATH_SEARCH_PATHS = "$(inherited) @executable_path/Frameworks @loader_path/Frameworks";
				PRODUCT_BUNDLE_IDENTIFIER = "qingxi.-----Tests";
				PRODUCT_NAME = "$(TARGET_NAME)";
				TEST_HOST = "$(BUILT_PRODUCTS_DIR)/粒子发射器.app/粒子发射器";
			};
			name = Release;
		};
		473363BA1CBB6999005C968F /* Debug */ = {
			isa = XCBuildConfiguration;
			buildSettings = {
				INFOPLIST_FILE = "粒子发射器UITests/Info.plist";
				LD_RUNPATH_SEARCH_PATHS = "$(inherited) @executable_path/Frameworks @loader_path/Frameworks";
				PRODUCT_BUNDLE_IDENTIFIER = "qingxi.-----UITests";
				PRODUCT_NAME = "$(TARGET_NAME)";
				TEST_TARGET_NAME = "粒子发射器";
			};
			name = Debug;
		};
		473363BB1CBB6999005C968F /* Release */ = {
			isa = XCBuildConfiguration;
			buildSettings = {
				INFOPLIST_FILE = "粒子发射器UITests/Info.plist";
				LD_RUNPATH_SEARCH_PATHS = "$(inherited) @executable_path/Frameworks @loader_path/Frameworks";
				PRODUCT_BUNDLE_IDENTIFIER = "qingxi.-----UITests";
				PRODUCT_NAME = "$(TARGET_NAME)";
				TEST_TARGET_NAME = "粒子发射器";
			};
			name = Release;
		};
/* End XCBuildConfiguration section */

/* Begin XCConfigurationList section */
		473363811CBB6999005C968F /* Build configuration list for PBXProject "粒子发射器" */ = {
			isa = XCConfigurationList;
			buildConfigurations = (
				473363B11CBB6999005C968F /* Debug */,
				473363B21CBB6999005C968F /* Release */,
			);
			defaultConfigurationIsVisible = 0;
			defaultConfigurationName = Release;
		};
		473363B31CBB6999005C968F /* Build configuration list for PBXNativeTarget "粒子发射器" */ = {
			isa = XCConfigurationList;
			buildConfigurations = (
				473363B41CBB6999005C968F /* Debug */,
				473363B51CBB6999005C968F /* Release */,
			);
			defaultConfigurationIsVisible = 0;
		};
		473363B61CBB6999005C968F /* Build configuration list for PBXNativeTarget "粒子发射器Tests" */ = {
			isa = XCConfigurationList;
			buildConfigurations = (
				473363B71CBB6999005C968F /* Debug */,
				473363B81CBB6999005C968F /* Release */,
			);
			defaultConfigurationIsVisible = 0;
		};
		473363B91CBB6999005C968F /* Build configuration list for PBXNativeTarget "粒子发射器UITests" */ = {
			isa = XCConfigurationList;
			buildConfigurations = (
				473363BA1CBB6999005C968F /* Debug */,
				473363BB1CBB6999005C968F /* Release */,
			);
			defaultConfigurationIsVisible = 0;
		};
/* End XCConfigurationList section */
	};
	rootObject = 4733637E1CBB6999005C968F /* Project object */;
}
